
Microsoft Visual Studio Solution File, Format Version 12.00
# Visual Studio Version 16
VisualStudioVersion = 16.0.29418.71
MinimumVisualStudioVersion = 10.0.40219.1
Project("{9A19103F-16F7-4668-BE54-9A1E7A4F7556}") = "MachineLearningTester", "MachineLearningTester\MachineLearningTester.csproj", "{4629A186-FC2A-4542-8F11-447C03E8F58F}"
EndProject
Project("{9A19103F-16F7-4668-BE54-9A1E7A4F7556}") = "MachineLearningTesterML.Model", "MachineLearningTesterML.Model\MachineLearningTesterML.Model.csproj", "{473D37D0-F85F-43EE-B01E-1302AA033BFC}"
EndProject
Project("{9A19103F-16F7-4668-BE54-9A1E7A4F7556}") = "MachineLearningTesterML.ConsoleApp", "MachineLearningTesterML.ConsoleApp\MachineLearningTesterML.ConsoleApp.csproj", "{2E99F958-47E5-46D8-8895-93C3A6EB0BC4}"
EndProject
Global
	GlobalSection(SolutionConfigurationPlatforms) = preSolution
		Debug|Any CPU = Debug|Any CPU
		Release|Any CPU = Release|Any CPU
	EndGlobalSection
	GlobalSection(ProjectConfigurationPlatforms) = postSolution
		{4629A186-FC2A-4542-8F11-447C03E8F58F}.Debug|Any CPU.ActiveCfg = Debug|Any CPU
		{4629A186-FC2A-4542-8F11-447C03E8F58F}.Debug|Any CPU.Build.0 = Debug|Any CPU
		{4629A186-FC2A-4542-8F11-447C03E8F58F}.Release|Any CPU.ActiveCfg = Release|Any CPU
		{4629A186-FC2A-4542-8F11-447C03E8F58F}.Release|Any CPU.Build.0 = Release|Any CPU
		{473D37D0-F85F-43EE-B01E-1302AA033BFC}.Debug|Any CPU.ActiveCfg = Debug|Any CPU
		{473D37D0-F85F-43EE-B01E-1302AA033BFC}.Debug|Any CPU.Build.0 = Debug|Any CPU
		{473D37D0-F85F-43EE-B01E-1302AA033BFC}.Release|Any CPU.ActiveCfg = Release|Any CPU
		{473D37D0-F85F-43EE-B01E-1302AA033BFC}.Release|Any CPU.Build.0 = Release|Any CPU
		{2E99F958-47E5-46D8-8895-93C3A6EB0BC4}.Debug|Any CPU.ActiveCfg = Debug|Any CPU
		{2E99F958-47E5-46D8-8895-93C3A6EB0BC4}.Debug|Any CPU.Build.0 = Debug|Any CPU
		{2E99F958-47E5-46D8-8895-93C3A6EB0BC4}.Release|Any CPU.ActiveCfg = Release|Any CPU
		{2E99F958-47E5-46D8-8895-93C3A6EB0BC4}.Release|Any CPU.Build.0 = Release|Any CPU
	EndGlobalSection
	GlobalSection(SolutionProperties) = preSolution
		HideSolutionNode = FALSE
	EndGlobalSection
	GlobalSection(ExtensibilityGlobals) = postSolution
		SolutionGuid = {C1F36E64-C70F-4C6A-82EB-22E5959320CD}
	EndGlobalSection
EndGlobal
